
Microsoft Visual Studio Solution File, Format Version 12.00
# Visual Studio Version 17
VisualStudioVersion = 17.0.32112.339
MinimumVisualStudioVersion = 10.0.40219.1
Project("{FAE04EC0-301F-11D3-BF4B-00C04F79EFBC}") = "Calculadora.ConsoleApp", "Calculadora.ConsoleApp\Calculadora.ConsoleApp.csproj", "{60A4AE89-C077-427D-A4B9-98A3892BEBF1}"
EndProject
Global
	GlobalSection(SolutionConfigurationPlatforms) = preSolution
		Debug|Any CPU = Debug|Any CPU
		Release|Any CPU = Release|Any CPU
	EndGlobalSection
	GlobalSection(ProjectConfigurationPlatforms) = postSolution
		{60A4AE89-C077-427D-A4B9-98A3892BEBF1}.Debug|Any CPU.ActiveCfg = Debug|Any CPU
		{60A4AE89-C077-427D-A4B9-98A3892BEBF1}.Debug|Any CPU.Build.0 = Debug|Any CPU
		{60A4AE89-C077-427D-A4B9-98A3892BEBF1}.Release|Any CPU.ActiveCfg = Release|Any CPU
		{60A4AE89-C077-427D-A4B9-98A3892BEBF1}.Release|Any CPU.Build.0 = Release|Any CPU
	EndGlobalSection
	GlobalSection(SolutionProperties) = preSolution
		HideSolutionNode = FALSE
	EndGlobalSection
	GlobalSection(ExtensibilityGlobals) = postSolution
		SolutionGuid = {0E75F470-88A5-424E-980A-F61F9FB2B206}
	EndGlobalSection
EndGlobal
